
Microsoft Visual Studio Solution File, Format Version 12.00
# Visual Studio Version 16
VisualStudioVersion = 16.0.30804.86
MinimumVisualStudioVersion = 10.0.40219.1
Project("{9A19103F-16F7-4668-BE54-9A1E7A4F7556}") = "Asp.netCoreMVCCRUD", "Asp.netCoreMVCCRUD\Asp.netCoreMVCCRUD.csproj", "{A20BEE2E-D43E-4996-81A8-19813544FF52}"
EndProject
Project("{2150E333-8FDC-42A3-9474-1A3956D46DE8}") = "Solution Items", "Solution Items", "{142ACE47-7EBF-4FEE-893F-9B3D1ABACCC3}"
	ProjectSection(SolutionItems) = preProject
		DataScript.sql = DataScript.sql
		Instructions.md = Instructions.md
		readme.md = readme.md
	EndProjectSection
EndProject
Global
	GlobalSection(SolutionConfigurationPlatforms) = preSolution
		Debug|Any CPU = Debug|Any CPU
		Release|Any CPU = Release|Any CPU
	EndGlobalSection
	GlobalSection(ProjectConfigurationPlatforms) = postSolution
		{A20BEE2E-D43E-4996-81A8-19813544FF52}.Debug|Any CPU.ActiveCfg = Debug|Any CPU
		{A20BEE2E-D43E-4996-81A8-19813544FF52}.Debug|Any CPU.Build.0 = Debug|Any CPU
		{A20BEE2E-D43E-4996-81A8-19813544FF52}.Release|Any CPU.ActiveCfg = Release|Any CPU
		{A20BEE2E-D43E-4996-81A8-19813544FF52}.Release|Any CPU.Build.0 = Release|Any CPU
	EndGlobalSection
	GlobalSection(SolutionProperties) = preSolution
		HideSolutionNode = FALSE
	EndGlobalSection
	GlobalSection(ExtensibilityGlobals) = postSolution
		SolutionGuid = {FA81DBB1-9DBD-4CE5-8C4D-9DFB808E46B6}
	EndGlobalSection
EndGlobal
